// !$*UTF8*$!
{
	archiveVersion = 1;
	classes = {
	};
	objectVersion = 56;
	objects = {

/* Begin PBXBuildFile section */
		79654A6C2B77F87F00FBD55C /* AdventureLogic.swift in Sources */ = {isa = PBXBuildFile; fileRef = 79654A6B2B77F87F00FBD55C /* AdventureLogic.swift */; };
		79654A702B77F97A00FBD55C /* Adventure.swift in Sources */ = {isa = PBXBuildFile; fileRef = 79654A6F2B77F97A00FBD55C /* Adventure.swift */; };
		797C12812B7747DB00E8592B /* AppDelegate.swift in Sources */ = {isa = PBXBuildFile; fileRef = 797C12802B7747DB00E8592B /* AppDelegate.swift */; };
		797C12832B7747DB00E8592B /* SceneDelegate.swift in Sources */ = {isa = PBXBuildFile; fileRef = 797C12822B7747DB00E8592B /* SceneDelegate.swift */; };
		797C12852B7747DB00E8592B /* ViewController.swift in Sources */ = {isa = PBXBuildFile; fileRef = 797C12842B7747DB00E8592B /* ViewController.swift */; };
		797C12882B7747DB00E8592B /* Main.storyboard in Resources */ = {isa = PBXBuildFile; fileRef = 797C12862B7747DB00E8592B /* Main.storyboard */; };
		797C128A2B7747DD00E8592B /* Assets.xcassets in Resources */ = {isa = PBXBuildFile; fileRef = 797C12892B7747DD00E8592B /* Assets.xcassets */; };
		797C128D2B7747DD00E8592B /* LaunchScreen.storyboard in Resources */ = {isa = PBXBuildFile; fileRef = 797C128B2B7747DD00E8592B /* LaunchScreen.storyboard */; };
/* End PBXBuildFile section */

/* Begin PBXFileReference section */
		79654A6B2B77F87F00FBD55C /* AdventureLogic.swift */ = {isa = PBXFileReference; lastKnownFileType = sourcecode.swift; path = AdventureLogic.swift; sourceTree = "<group>"; };
		79654A6F2B77F97A00FBD55C /* Adventure.swift */ = {isa = PBXFileReference; lastKnownFileType = sourcecode.swift; path = Adventure.swift; sourceTree = "<group>"; };
		797C127D2B7747DB00E8592B /* assignment5.app */ = {isa = PBXFileReference; explicitFileType = wrapper.application; includeInIndex = 0; path = assignment5.app; sourceTree = BUILT_PRODUCTS_DIR; };
		797C12802B7747DB00E8592B /* AppDelegate.swift */ = {isa = PBXFileReference; lastKnownFileType = sourcecode.swift; path = AppDelegate.swift; sourceTree = "<group>"; };
		797C12822B7747DB00E8592B /* SceneDelegate.swift */ = {isa = PBXFileReference; lastKnownFileType = sourcecode.swift; path = SceneDelegate.swift; sourceTree = "<group>"; };
		797C12842B7747DB00E8592B /* ViewController.swift */ = {isa = PBXFileReference; lastKnownFileType = sourcecode.swift; path = ViewController.swift; sourceTree = "<group>"; };
		797C12872B7747DB00E8592B /* Base */ = {isa = PBXFileReference; lastKnownFileType = file.storyboard; name = Base; path = Base.lproj/Main.storyboard; sourceTree = "<group>"; };
		797C12892B7747DD00E8592B /* Assets.xcassets */ = {isa = PBXFileReference; lastKnownFileType = folder.assetcatalog; path = Assets.xcassets; sourceTree = "<group>"; };
		797C128C2B7747DD00E8592B /* Base */ = {isa = PBXFileReference; lastKnownFileType = file.storyboard; name = Base; path = Base.lproj/LaunchScreen.storyboard; sourceTree = "<group>"; };
		797C128E2B7747DD00E8592B /* Info.plist */ = {isa = PBXFileReference; lastKnownFileType = text.plist.xml; path = Info.plist; sourceTree = "<group>"; };
/* End PBXFileReference section */

/* Begin PBXFrameworksBuildPhase section */
		797C127A2B7747DB00E8592B /* Frameworks */ = {
			isa = PBXFrameworksBuildPhase;
			buildActionMask = 2147483647;
			files = (
			);
			runOnlyForDeploymentPostprocessing = 0;
		};
/* End PBXFrameworksBuildPhase section */

/* Begin PBXGroup section */
		79654A6D2B77F92300FBD55C /* View */ = {
			isa = PBXGroup;
			children = (
				797C12842B7747DB00E8592B /* ViewController.swift */,
			);
			path = View;
			sourceTree = "<group>";
		};
		79654A6E2B77F94300FBD55C /* Model */ = {
			isa = PBXGroup;
			children = (
				79654A6B2B77F87F00FBD55C /* AdventureLogic.swift */,
				79654A6F2B77F97A00FBD55C /* Adventure.swift */,
			);
			path = Model;
			sourceTree = "<group>";
		};
		797C12742B7747DB00E8592B = {
			isa = PBXGroup;
			children = (
				797C127F2B7747DB00E8592B /* assignment5 */,
				797C127E2B7747DB00E8592B /* Products */,
			);
			sourceTree = "<group>";
		};
		797C127E2B7747DB00E8592B /* Products */ = {
			isa = PBXGroup;
			children = (
				797C127D2B7747DB00E8592B /* assignment5.app */,
			);
			name = Products;
			sourceTree = "<group>";
		};
		797C127F2B7747DB00E8592B /* assignment5 */ = {
			isa = PBXGroup;
			children = (
				79654A6E2B77F94300FBD55C /* Model */,
				797C12802B7747DB00E8592B /* AppDelegate.swift */,
				797C12822B7747DB00E8592B /* SceneDelegate.swift */,
				79654A6D2B77F92300FBD55C /* View */,
				797C12862B7747DB00E8592B /* Main.storyboard */,
				797C12892B7747DD00E8592B /* Assets.xcassets */,
				797C128B2B7747DD00E8592B /* LaunchScreen.storyboard */,
				797C128E2B7747DD00E8592B /* Info.plist */,
			);
			path = assignment5;
			sourceTree = "<group>";
		};
/* End PBXGroup section */

/* Begin PBXNativeTarget section */
		797C127C2B7747DB00E8592B /* assignment5 */ = {
			isa = PBXNativeTarget;
			buildConfigurationList = 797C12912B7747DD00E8592B /* Build configuration list for PBXNativeTarget "assignment5" */;
			buildPhases = (
				797C12792B7747DB00E8592B /* Sources */,
				797C127A2B7747DB00E8592B /* Frameworks */,
				797C127B2B7747DB00E8592B /* Resources */,
			);
			buildRules = (
			);
			dependencies = (
			);
			name = assignment5;
			productName = assignment5;
			productReference = 797C127D2B7747DB00E8592B /* assignment5.app */;
			productType = "com.apple.product-type.application";
		};
/* End PBXNativeTarget section */

/* Begin PBXProject section */
		797C12752B7747DB00E8592B /* Project object */ = {
			isa = PBXProject;
			attributes = {
				BuildIndependentTargetsInParallel = 1;
				LastSwiftUpdateCheck = 1430;
				LastUpgradeCheck = 1430;
				TargetAttributes = {
					797C127C2B7747DB00E8592B = {
						CreatedOnToolsVersion = 14.3;
					};
				};
			};
			buildConfigurationList = 797C12782B7747DB00E8592B /* Build configuration list for PBXProject "assignment5" */;
			compatibilityVersion = "Xcode 14.0";
			developmentRegion = en;
			hasScannedForEncodings = 0;
			knownRegions = (
				en,
				Base,
			);
			mainGroup = 797C12742B7747DB00E8592B;
			productRefGroup = 797C127E2B7747DB00E8592B /* Products */;
			projectDirPath = "";
			projectRoot = "";
			targets = (
				797C127C2B7747DB00E8592B /* assignment5 */,
			);
		};
/* End PBXProject section */

/* Begin PBXResourcesBuildPhase section */
		797C127B2B7747DB00E8592B /* Resources */ = {
			isa = PBXResourcesBuildPhase;
			buildActionMask = 2147483647;
			files = (
				797C128D2B7747DD00E8592B /* LaunchScreen.storyboard in Resources */,
				797C128A2B7747DD00E8592B /* Assets.xcassets in Resources */,
				797C12882B7747DB00E8592B /* Main.storyboard in Resources */,
			);
			runOnlyForDeploymentPostprocessing = 0;
		};
/* End PBXResourcesBuildPhase section */

/* Begin PBXSourcesBuildPhase section */
		797C12792B7747DB00E8592B /* Sources */ = {
			isa = PBXSourcesBuildPhase;
			buildActionMask = 2147483647;
			files = (
				797C12852B7747DB00E8592B /* ViewController.swift in Sources */,
				797C12812B7747DB00E8592B /* AppDelegate.swift in Sources */,
				797C12832B7747DB00E8592B /* SceneDelegate.swift in Sources */,
				79654A702B77F97A00FBD55C /* Adventure.swift in Sources */,
				79654A6C2B77F87F00FBD55C /* AdventureLogic.swift in Sources */,
			);
			runOnlyForDeploymentPostprocessing = 0;
		};
/* End PBXSourcesBuildPhase section */

/* Begin PBXVariantGroup section */
		797C12862B7747DB00E8592B /* Main.storyboard */ = {
			isa = PBXVariantGroup;
			children = (
				797C12872B7747DB00E8592B /* Base */,
			);
			name = Main.storyboard;
			sourceTree = "<group>";
		};
		797C128B2B7747DD00E8592B /* LaunchScreen.storyboard */ = {
			isa = PBXVariantGroup;
			children = (
				797C128C2B7747DD00E8592B /* Base */,
			);
			name = LaunchScreen.storyboard;
			sourceTree = "<group>";
		};
/* End PBXVariantGroup section */

/* Begin XCBuildConfiguration section */
		797C128F2B7747DD00E8592B /* Debug */ = {
			isa = XCBuildConfiguration;
			buildSettings = {
				ALWAYS_SEARCH_USER_PATHS = NO;
				CLANG_ANALYZER_NONNULL = YES;
				CLANG_ANALYZER_NUMBER_OBJECT_CONVERSION = YES_AGGRESSIVE;
				CLANG_CXX_LANGUAGE_STANDARD = "gnu++20";
				CLANG_ENABLE_MODULES = YES;
				CLANG_ENABLE_OBJC_ARC = YES;
				CLANG_ENABLE_OBJC_WEAK = YES;
				CLANG_WARN_BLOCK_CAPTURE_AUTORELEASING = YES;
				CLANG_WARN_BOOL_CONVERSION = YES;
				CLANG_WARN_COMMA = YES;
				CLANG_WARN_CONSTANT_CONVERSION = YES;
				CLANG_WARN_DEPRECATED_OBJC_IMPLEMENTATIONS = YES;
				CLANG_WARN_DIRECT_OBJC_ISA_USAGE = YES_ERROR;
				CLANG_WARN_DOCUMENTATION_COMMENTS = YES;
				CLANG_WARN_EMPTY_BODY = YES;
				CLANG_WARN_ENUM_CONVERSION = YES;
				CLANG_WARN_INFINITE_RECURSION = YES;
				CLANG_WARN_INT_CONVERSION = YES;
				CLANG_WARN_NON_LITERAL_NULL_CONVERSION = YES;
				CLANG_WARN_OBJC_IMPLICIT_RETAIN_SELF = YES;
				CLANG_WARN_OBJC_LITERAL_CONVERSION = YES;
				CLANG_WARN_OBJC_ROOT_CLASS = YES_ERROR;
				CLANG_WARN_QUOTED_INCLUDE_IN_FRAMEWORK_HEADER = YES;
				CLANG_WARN_RANGE_LOOP_ANALYSIS = YES;
				CLANG_WARN_STRICT_PROTOTYPES = YES;
				CLANG_WARN_SUSPICIOUS_MOVE = YES;
				CLANG_WARN_UNGUARDED_AVAILABILITY = YES_AGGRESSIVE;
				CLANG_WARN_UNREACHABLE_CODE = YES;
				CLANG_WARN__DUPLICATE_METHOD_MATCH = YES;
				COPY_PHASE_STRIP = NO;
				DEBUG_INFORMATION_FORMAT = dwarf;
				ENABLE_STRICT_OBJC_MSGSEND = YES;
				ENABLE_TESTABILITY = YES;
				GCC_C_LANGUAGE_STANDARD = gnu11;
				GCC_DYNAMIC_NO_PIC = NO;
				GCC_NO_COMMON_BLOCKS = YES;
				GCC_OPTIMIZATION_LEVEL = 0;
				GCC_PREPROCESSOR_DEFINITIONS = (
					"DEBUG=1",
					"$(inherited)",
				);
				GCC_WARN_64_TO_32_BIT_CONVERSION = YES;
				GCC_WARN_ABOUT_RETURN_TYPE = YES_ERROR;
				GCC_WARN_UNDECLARED_SELECTOR = YES;
				GCC_WARN_UNINITIALIZED_AUTOS = YES_AGGRESSIVE;
				GCC_WARN_UNUSED_FUNCTION = YES;
				GCC_WARN_UNUSED_VARIABLE = YES;
				IPHONEOS_DEPLOYMENT_TARGET = 16.4;
				MTL_ENABLE_DEBUG_INFO = INCLUDE_SOURCE;
				MTL_FAST_MATH = YES;
				ONLY_ACTIVE_ARCH = YES;
				SDKROOT = iphoneos;
				SWIFT_ACTIVE_COMPILATION_CONDITIONS = DEBUG;
				SWIFT_OPTIMIZATION_LEVEL = "-Onone";
			};
			name = Debug;
		};
		797C12902B7747DD00E8592B /* Release */ = {
			isa = XCBuildConfiguration;
			buildSettings = {
				ALWAYS_SEARCH_USER_PATHS = NO;
				CLANG_ANALYZER_NONNULL = YES;
				CLANG_ANALYZER_NUMBER_OBJECT_CONVERSION = YES_AGGRESSIVE;
				CLANG_CXX_LANGUAGE_STANDARD = "gnu++20";
				CLANG_ENABLE_MODULES = YES;
				CLANG_ENABLE_OBJC_ARC = YES;
				CLANG_ENABLE_OBJC_WEAK = YES;
				CLANG_WARN_BLOCK_CAPTURE_AUTORELEASING = YES;
				CLANG_WARN_BOOL_CONVERSION = YES;
				CLANG_WARN_COMMA = YES;
				CLANG_WARN_CONSTANT_CONVERSION = YES;
				CLANG_WARN_DEPRECATED_OBJC_IMPLEMENTATIONS = YES;
				CLANG_WARN_DIRECT_OBJC_ISA_USAGE = YES_ERROR;
				CLANG_WARN_DOCUMENTATION_COMMENTS = YES;
				CLANG_WARN_EMPTY_BODY = YES;
				CLANG_WARN_ENUM_CONVERSION = YES;
				CLANG_WARN_INFINITE_RECURSION = YES;
				CLANG_WARN_INT_CONVERSION = YES;
				CLANG_WARN_NON_LITERAL_NULL_CONVERSION = YES;
				CLANG_WARN_OBJC_IMPLICIT_RETAIN_SELF = YES;
				CLANG_WARN_OBJC_LITERAL_CONVERSION = YES;
				CLANG_WARN_OBJC_ROOT_CLASS = YES_ERROR;
				CLANG_WARN_QUOTED_INCLUDE_IN_FRAMEWORK_HEADER = YES;
				CLANG_WARN_RANGE_LOOP_ANALYSIS = YES;
				CLANG_WARN_STRICT_PROTOTYPES = YES;
				CLANG_WARN_SUSPICIOUS_MOVE = YES;
				CLANG_WARN_UNGUARDED_AVAILABILITY = YES_AGGRESSIVE;
				CLANG_WARN_UNREACHABLE_CODE = YES;
				CLANG_WARN__DUPLICATE_METHOD_MATCH = YES;
				COPY_PHASE_STRIP = NO;
				DEBUG_INFORMATION_FORMAT = "dwarf-with-dsym";
				ENABLE_NS_ASSERTIONS = NO;
				ENABLE_STRICT_OBJC_MSGSEND = YES;
				GCC_C_LANGUAGE_STANDARD = gnu11;
				GCC_NO_COMMON_BLOCKS = YES;
				GCC_WARN_64_TO_32_BIT_CONVERSION = YES;
				GCC_WARN_ABOUT_RETURN_TYPE = YES_ERROR;
				GCC_WARN_UNDECLARED_SELECTOR = YES;
				GCC_WARN_UNINITIALIZED_AUTOS = YES_AGGRESSIVE;
				GCC_WARN_UNUSED_FUNCTION = YES;
				GCC_WARN_UNUSED_VARIABLE = YES;
				IPHONEOS_DEPLOYMENT_TARGET = 16.4;
				MTL_ENABLE_DEBUG_INFO = NO;
				MTL_FAST_MATH = YES;
				SDKROOT = iphoneos;
				SWIFT_COMPILATION_MODE = wholemodule;
				SWIFT_OPTIMIZATION_LEVEL = "-O";
				VALIDATE_PRODUCT = YES;
			};
			name = Release;
		};
		797C12922B7747DD00E8592B /* Debug */ = {
			isa = XCBuildConfiguration;
			buildSettings = {
				ASSETCATALOG_COMPILER_APPICON_NAME = AppIcon;
				ASSETCATALOG_COMPILER_GLOBAL_ACCENT_COLOR_NAME = AccentColor;
				CODE_SIGN_STYLE = Automatic;
				CURRENT_PROJECT_VERSION = 1;
				GENERATE_INFOPLIST_FILE = YES;
				INFOPLIST_FILE = assignment5/Info.plist;
				INFOPLIST_KEY_UIApplicationSupportsIndirectInputEvents = YES;
				INFOPLIST_KEY_UILaunchStoryboardName = LaunchScreen;
				INFOPLIST_KEY_UIMainStoryboardFile = Main;
				INFOPLIST_KEY_UISupportedInterfaceOrientations_iPad = "UIInterfaceOrientationPortrait UIInterfaceOrientationPortraitUpsideDown UIInterfaceOrientationLandscapeLeft UIInterfaceOrientationLandscapeRight";
				INFOPLIST_KEY_UISupportedInterfaceOrientations_iPhone = "UIInterfaceOrientationPortrait UIInterfaceOrientationLandscapeLeft UIInterfaceOrientationLandscapeRight";
				LD_RUNPATH_SEARCH_PATHS = (
					"$(inherited)",
					"@executable_path/Frameworks",
				);
				MARKETING_VERSION = 1.0;
				PRODUCT_BUNDLE_IDENTIFIER = edu.auburn.onlinecsse.assignment5;
				PRODUCT_NAME = "$(TARGET_NAME)";
				SWIFT_EMIT_LOC_STRINGS = YES;
				SWIFT_VERSION = 5.0;
				TARGETED_DEVICE_FAMILY = "1,2";
			};
			name = Debug;
		};
		797C12932B7747DD00E8592B /* Release */ = {
			isa = XCBuildConfiguration;
			buildSettings = {
				ASSETCATALOG_COMPILER_APPICON_NAME = AppIcon;
				ASSETCATALOG_COMPILER_GLOBAL_ACCENT_COLOR_NAME = AccentColor;
				CODE_SIGN_STYLE = Automatic;
				CURRENT_PROJECT_VERSION = 1;
				GENERATE_INFOPLIST_FILE = YES;
				INFOPLIST_FILE = assignment5/Info.plist;
				INFOPLIST_KEY_UIApplicationSupportsIndirectInputEvents = YES;
				INFOPLIST_KEY_UILaunchStoryboardName = LaunchScreen;
				INFOPLIST_KEY_UIMainStoryboardFile = Main;
				INFOPLIST_KEY_UISupportedInterfaceOrientations_iPad = "UIInterfaceOrientationPortrait UIInterfaceOrientationPortraitUpsideDown UIInterfaceOrientationLandscapeLeft UIInterfaceOrientationLandscapeRight";
				INFOPLIST_KEY_UISupportedInterfaceOrientations_iPhone = "UIInterfaceOrientationPortrait UIInterfaceOrientationLandscapeLeft UIInterfaceOrientationLandscapeRight";
				LD_RUNPATH_SEARCH_PATHS = (
					"$(inherited)",
					"@executable_path/Frameworks",
				);
				MARKETING_VERSION = 1.0;
				PRODUCT_BUNDLE_IDENTIFIER = edu.auburn.onlinecsse.assignment5;
				PRODUCT_NAME = "$(TARGET_NAME)";
				SWIFT_EMIT_LOC_STRINGS = YES;
				SWIFT_VERSION = 5.0;
				TARGETED_DEVICE_FAMILY = "1,2";
			};
			name = Release;
		};
/* End XCBuildConfiguration section */

/* Begin XCConfigurationList section */
		797C12782B7747DB00E8592B /* Build configuration list for PBXProject "assignment5" */ = {
			isa = XCConfigurationList;
			buildConfigurations = (
				797C128F2B7747DD00E8592B /* Debug */,
				797C12902B7747DD00E8592B /* Release */,
			);
			defaultConfigurationIsVisible = 0;
			defaultConfigurationName = Release;
		};
		797C12912B7747DD00E8592B /* Build configuration list for PBXNativeTarget "assignment5" */ = {
			isa = XCConfigurationList;
			buildConfigurations = (
				797C12922B7747DD00E8592B /* Debug */,
				797C12932B7747DD00E8592B /* Release */,
			);
			defaultConfigurationIsVisible = 0;
			defaultConfigurationName = Release;
		};
/* End XCConfigurationList section */
	};
	rootObject = 797C12752B7747DB00E8592B /* Project object */;
}
